
Microsoft Visual Studio Solution File, Format Version 12.00
# Visual Studio Version 16
VisualStudioVersion = 16.0.33927.289
MinimumVisualStudioVersion = 10.0.40219.1
Project("{9A19103F-16F7-4668-BE54-9A1E7A4F7556}") = "ExceptionEdu", "ExceptionEdu\ExceptionEdu.csproj", "{467D5346-E9B4-4642-B99F-95D5D547475B}"
EndProject
Project("{FAE04EC0-301F-11D3-BF4B-00C04F79EFBC}") = "TryCatchArgumentOutOfRangeException", "TryCatchArgumentOutOfRangeException\TryCatchArgumentOutOfRangeException.csproj", "{69A1327D-35DE-40CB-ACDA-F992BAB13E54}"
EndProject
Project("{FAE04EC0-301F-11D3-BF4B-00C04F79EFBC}") = "TryCatchRankException", "TryCatchRankException\TryCatchRankException.csproj", "{4F849D0E-840E-451C-9C91-1E401083E620}"
EndProject
Project("{FAE04EC0-301F-11D3-BF4B-00C04F79EFBC}") = "Delegate", "Delegate\Delegate.csproj", "{0B33B676-C188-4268-BD22-3DABE3C815E6}"
EndProject
Project("{FAE04EC0-301F-11D3-BF4B-00C04F79EFBC}") = "DelegateSample", "Delegate2\DelegateSample.csproj", "{92E144B1-E112-45BF-BA27-B67681A26D44}"
EndProject
Project("{FAE04EC0-301F-11D3-BF4B-00C04F79EFBC}") = "AnonymousDelegates", "AnonymousDelegates\AnonymousDelegates.csproj", "{4A0D6952-0A6D-4F76-A8CA-9338F9BDD798}"
EndProject
Project("{FAE04EC0-301F-11D3-BF4B-00C04F79EFBC}") = "AnonymousDelegates2", "AnonymousDelegates2\AnonymousDelegates2.csproj", "{15BF2355-DCE5-446C-A1A7-4C57CAEC78BD}"
EndProject
Project("{FAE04EC0-301F-11D3-BF4B-00C04F79EFBC}") = "Covariance", "Covariance\Covariance.csproj", "{249C7BA6-2048-4786-91F5-3EEA3BEC6AC8}"
EndProject
Project("{FAE04EC0-301F-11D3-BF4B-00C04F79EFBC}") = "Contravariance", "Contravariance\Contravariance.csproj", "{389834AD-AD59-4EA0-9DF5-AFE4EC550B63}"
EndProject
Global
	GlobalSection(SolutionConfigurationPlatforms) = preSolution
		Debug|Any CPU = Debug|Any CPU
		Release|Any CPU = Release|Any CPU
	EndGlobalSection
	GlobalSection(ProjectConfigurationPlatforms) = postSolution
		{467D5346-E9B4-4642-B99F-95D5D547475B}.Debug|Any CPU.ActiveCfg = Debug|Any CPU
		{467D5346-E9B4-4642-B99F-95D5D547475B}.Debug|Any CPU.Build.0 = Debug|Any CPU
		{467D5346-E9B4-4642-B99F-95D5D547475B}.Release|Any CPU.ActiveCfg = Release|Any CPU
		{467D5346-E9B4-4642-B99F-95D5D547475B}.Release|Any CPU.Build.0 = Release|Any CPU
		{69A1327D-35DE-40CB-ACDA-F992BAB13E54}.Debug|Any CPU.ActiveCfg = Debug|Any CPU
		{69A1327D-35DE-40CB-ACDA-F992BAB13E54}.Debug|Any CPU.Build.0 = Debug|Any CPU
		{69A1327D-35DE-40CB-ACDA-F992BAB13E54}.Release|Any CPU.ActiveCfg = Release|Any CPU
		{69A1327D-35DE-40CB-ACDA-F992BAB13E54}.Release|Any CPU.Build.0 = Release|Any CPU
		{4F849D0E-840E-451C-9C91-1E401083E620}.Debug|Any CPU.ActiveCfg = Debug|Any CPU
		{4F849D0E-840E-451C-9C91-1E401083E620}.Debug|Any CPU.Build.0 = Debug|Any CPU
		{4F849D0E-840E-451C-9C91-1E401083E620}.Release|Any CPU.ActiveCfg = Release|Any CPU
		{4F849D0E-840E-451C-9C91-1E401083E620}.Release|Any CPU.Build.0 = Release|Any CPU
		{0B33B676-C188-4268-BD22-3DABE3C815E6}.Debug|Any CPU.ActiveCfg = Debug|Any CPU
		{0B33B676-C188-4268-BD22-3DABE3C815E6}.Debug|Any CPU.Build.0 = Debug|Any CPU
		{0B33B676-C188-4268-BD22-3DABE3C815E6}.Release|Any CPU.ActiveCfg = Release|Any CPU
		{0B33B676-C188-4268-BD22-3DABE3C815E6}.Release|Any CPU.Build.0 = Release|Any CPU
		{92E144B1-E112-45BF-BA27-B67681A26D44}.Debug|Any CPU.ActiveCfg = Debug|Any CPU
		{92E144B1-E112-45BF-BA27-B67681A26D44}.Debug|Any CPU.Build.0 = Debug|Any CPU
		{92E144B1-E112-45BF-BA27-B67681A26D44}.Release|Any CPU.ActiveCfg = Release|Any CPU
		{92E144B1-E112-45BF-BA27-B67681A26D44}.Release|Any CPU.Build.0 = Release|Any CPU
		{4A0D6952-0A6D-4F76-A8CA-9338F9BDD798}.Debug|Any CPU.ActiveCfg = Debug|Any CPU
		{4A0D6952-0A6D-4F76-A8CA-9338F9BDD798}.Debug|Any CPU.Build.0 = Debug|Any CPU
		{4A0D6952-0A6D-4F76-A8CA-9338F9BDD798}.Release|Any CPU.ActiveCfg = Release|Any CPU
		{4A0D6952-0A6D-4F76-A8CA-9338F9BDD798}.Release|Any CPU.Build.0 = Release|Any CPU
		{15BF2355-DCE5-446C-A1A7-4C57CAEC78BD}.Debug|Any CPU.ActiveCfg = Debug|Any CPU
		{15BF2355-DCE5-446C-A1A7-4C57CAEC78BD}.Debug|Any CPU.Build.0 = Debug|Any CPU
		{15BF2355-DCE5-446C-A1A7-4C57CAEC78BD}.Release|Any CPU.ActiveCfg = Release|Any CPU
		{15BF2355-DCE5-446C-A1A7-4C57CAEC78BD}.Release|Any CPU.Build.0 = Release|Any CPU
		{249C7BA6-2048-4786-91F5-3EEA3BEC6AC8}.Debug|Any CPU.ActiveCfg = Debug|Any CPU
		{249C7BA6-2048-4786-91F5-3EEA3BEC6AC8}.Debug|Any CPU.Build.0 = Debug|Any CPU
		{249C7BA6-2048-4786-91F5-3EEA3BEC6AC8}.Release|Any CPU.ActiveCfg = Release|Any CPU
		{249C7BA6-2048-4786-91F5-3EEA3BEC6AC8}.Release|Any CPU.Build.0 = Release|Any CPU
		{389834AD-AD59-4EA0-9DF5-AFE4EC550B63}.Debug|Any CPU.ActiveCfg = Debug|Any CPU
		{389834AD-AD59-4EA0-9DF5-AFE4EC550B63}.Debug|Any CPU.Build.0 = Debug|Any CPU
		{389834AD-AD59-4EA0-9DF5-AFE4EC550B63}.Release|Any CPU.ActiveCfg = Release|Any CPU
		{389834AD-AD59-4EA0-9DF5-AFE4EC550B63}.Release|Any CPU.Build.0 = Release|Any CPU
	EndGlobalSection
	GlobalSection(SolutionProperties) = preSolution
		HideSolutionNode = FALSE
	EndGlobalSection
	GlobalSection(ExtensibilityGlobals) = postSolution
		SolutionGuid = {0D91258A-15FC-47C4-B2E6-3FB082259AAC}
	EndGlobalSection
EndGlobal
